
Microsoft Visual Studio Solution File, Format Version 12.00
# Visual Studio Version 16
VisualStudioVersion = 16.0.31129.286
MinimumVisualStudioVersion = 10.0.40219.1
Project("{F184B08F-C81C-45F6-A57F-5ABD9991F28F}") = "DataBAnding", "DataBAnding.vbproj", "{1E5A9514-AF69-4C2B-B833-FE87BCC24FAC}"
EndProject
Global
	GlobalSection(SolutionConfigurationPlatforms) = preSolution
		Debug|Any CPU = Debug|Any CPU
		Release|Any CPU = Release|Any CPU
	EndGlobalSection
	GlobalSection(ProjectConfigurationPlatforms) = postSolution
		{1E5A9514-AF69-4C2B-B833-FE87BCC24FAC}.Debug|Any CPU.ActiveCfg = Debug|Any CPU
		{1E5A9514-AF69-4C2B-B833-FE87BCC24FAC}.Debug|Any CPU.Build.0 = Debug|Any CPU
		{1E5A9514-AF69-4C2B-B833-FE87BCC24FAC}.Release|Any CPU.ActiveCfg = Release|Any CPU
		{1E5A9514-AF69-4C2B-B833-FE87BCC24FAC}.Release|Any CPU.Build.0 = Release|Any CPU
	EndGlobalSection
	GlobalSection(SolutionProperties) = preSolution
		HideSolutionNode = FALSE
	EndGlobalSection
	GlobalSection(ExtensibilityGlobals) = postSolution
		SolutionGuid = {EF9EC37A-E760-4033-A8B9-B3966E21687E}
	EndGlobalSection
EndGlobal
